
Microsoft Visual Studio Solution File, Format Version 12.00
# Visual Studio 14
VisualStudioVersion = 14.0.24720.0
MinimumVisualStudioVersion = 10.0.40219.1
Project("{FAE04EC0-301F-11D3-BF4B-00C04F79EFBC}") = "EmailSender", "EmailSender\EmailSender.csproj", "{F24CB0DD-482C-4010-B1E4-4EECA6950323}"
EndProject
Project("{FAE04EC0-301F-11D3-BF4B-00C04F79EFBC}") = "EmailSender.Tests", "EmailSender.Tests\EmailSender.Tests.csproj", "{D2C84BDE-5E22-4D2D-8447-18101163E6CE}"
EndProject
Global
	GlobalSection(SolutionConfigurationPlatforms) = preSolution
		Debug|Any CPU = Debug|Any CPU
		Release|Any CPU = Release|Any CPU
	EndGlobalSection
	GlobalSection(ProjectConfigurationPlatforms) = postSolution
		{F24CB0DD-482C-4010-B1E4-4EECA6950323}.Debug|Any CPU.ActiveCfg = Debug|Any CPU
		{F24CB0DD-482C-4010-B1E4-4EECA6950323}.Debug|Any CPU.Build.0 = Debug|Any CPU
		{F24CB0DD-482C-4010-B1E4-4EECA6950323}.Release|Any CPU.ActiveCfg = Release|Any CPU
		{F24CB0DD-482C-4010-B1E4-4EECA6950323}.Release|Any CPU.Build.0 = Release|Any CPU
		{D2C84BDE-5E22-4D2D-8447-18101163E6CE}.Debug|Any CPU.ActiveCfg = Debug|Any CPU
		{D2C84BDE-5E22-4D2D-8447-18101163E6CE}.Debug|Any CPU.Build.0 = Debug|Any CPU
		{D2C84BDE-5E22-4D2D-8447-18101163E6CE}.Release|Any CPU.ActiveCfg = Release|Any CPU
		{D2C84BDE-5E22-4D2D-8447-18101163E6CE}.Release|Any CPU.Build.0 = Release|Any CPU
	EndGlobalSection
	GlobalSection(SolutionProperties) = preSolution
		HideSolutionNode = FALSE
	EndGlobalSection
EndGlobal
